
Microsoft Visual Studio Solution File, Format Version 11.00
# Visual Studio 2010
Project("{FAE04EC0-301F-11D3-BF4B-00C04F79EFBC}") = "ClasesBase", "ClasesBase\ClasesBase.csproj", "{041F966A-BE0D-42D9-ACBC-C140926E4DAC}"
EndProject
Project("{FAE04EC0-301F-11D3-BF4B-00C04F79EFBC}") = "Vistas", "Vistas\Vistas.csproj", "{C10DFCEE-0EAC-4830-AD7B-6A2CD36D9BB1}"
EndProject
Global
	GlobalSection(SolutionConfigurationPlatforms) = preSolution
		Debug|Any CPU = Debug|Any CPU
		Debug|Mixed Platforms = Debug|Mixed Platforms
		Debug|x86 = Debug|x86
		Release|Any CPU = Release|Any CPU
		Release|Mixed Platforms = Release|Mixed Platforms
		Release|x86 = Release|x86
	EndGlobalSection
	GlobalSection(ProjectConfigurationPlatforms) = postSolution
		{041F966A-BE0D-42D9-ACBC-C140926E4DAC}.Debug|Any CPU.ActiveCfg = Debug|Any CPU
		{041F966A-BE0D-42D9-ACBC-C140926E4DAC}.Debug|Any CPU.Build.0 = Debug|Any CPU
		{041F966A-BE0D-42D9-ACBC-C140926E4DAC}.Debug|Mixed Platforms.ActiveCfg = Debug|Any CPU
		{041F966A-BE0D-42D9-ACBC-C140926E4DAC}.Debug|Mixed Platforms.Build.0 = Debug|Any CPU
		{041F966A-BE0D-42D9-ACBC-C140926E4DAC}.Debug|x86.ActiveCfg = Debug|Any CPU
		{041F966A-BE0D-42D9-ACBC-C140926E4DAC}.Release|Any CPU.ActiveCfg = Release|Any CPU
		{041F966A-BE0D-42D9-ACBC-C140926E4DAC}.Release|Any CPU.Build.0 = Release|Any CPU
		{041F966A-BE0D-42D9-ACBC-C140926E4DAC}.Release|Mixed Platforms.ActiveCfg = Release|Any CPU
		{041F966A-BE0D-42D9-ACBC-C140926E4DAC}.Release|Mixed Platforms.Build.0 = Release|Any CPU
		{041F966A-BE0D-42D9-ACBC-C140926E4DAC}.Release|x86.ActiveCfg = Release|Any CPU
		{C10DFCEE-0EAC-4830-AD7B-6A2CD36D9BB1}.Debug|Any CPU.ActiveCfg = Debug|x86
		{C10DFCEE-0EAC-4830-AD7B-6A2CD36D9BB1}.Debug|Mixed Platforms.ActiveCfg = Debug|x86
		{C10DFCEE-0EAC-4830-AD7B-6A2CD36D9BB1}.Debug|Mixed Platforms.Build.0 = Debug|x86
		{C10DFCEE-0EAC-4830-AD7B-6A2CD36D9BB1}.Debug|x86.ActiveCfg = Debug|x86
		{C10DFCEE-0EAC-4830-AD7B-6A2CD36D9BB1}.Debug|x86.Build.0 = Debug|x86
		{C10DFCEE-0EAC-4830-AD7B-6A2CD36D9BB1}.Release|Any CPU.ActiveCfg = Release|x86
		{C10DFCEE-0EAC-4830-AD7B-6A2CD36D9BB1}.Release|Mixed Platforms.ActiveCfg = Release|x86
		{C10DFCEE-0EAC-4830-AD7B-6A2CD36D9BB1}.Release|Mixed Platforms.Build.0 = Release|x86
		{C10DFCEE-0EAC-4830-AD7B-6A2CD36D9BB1}.Release|x86.ActiveCfg = Release|x86
		{C10DFCEE-0EAC-4830-AD7B-6A2CD36D9BB1}.Release|x86.Build.0 = Release|x86
	EndGlobalSection
	GlobalSection(SolutionProperties) = preSolution
		HideSolutionNode = FALSE
	EndGlobalSection
EndGlobal
